<?xml version="1.0" encoding="utf-8"?>
<Project ToolsVersion="4.0" xmlns="http://schemas.microsoft.com/developer/msbuild/2003">
  <ItemGroup>
    <Filter Include="Source Files">
      <UniqueIdentifier>{4FC737F1-C7A5-4376-A066-2A32D752A2FF}</UniqueIdentifier>
      <Extensions>cpp;c;cc;cxx;def;odl;idl;hpj;bat;asm;asmx</Extensions>
    </Filter>
    <Filter Include="Header Files">
      <UniqueIdentifier>{93995380-89BD-4b04-88EB-625FBE52EBFB}</UniqueIdentifier>
      <Extensions>h;hh;hpp;hxx;hm;inl;inc;xsd</Extensions>
    </Filter>
    <Filter Include="Resource Files">
      <UniqueIdentifier>{67DA6AB6-F800-4c08-8B7A-83BB121AAD01}</UniqueIdentifier>
      <Extensions>rc;ico;cur;bmp;dlg;rc2;rct;bin;rgs;gif;jpg;jpeg;jpe;resx;tiff;tif;png;wav;mfcribbon-ms</Extensions>
    </Filter>
    <Filter Include="Header Files\Visual">
      <UniqueIdentifier>{f0555706-3cb3-4380-b49c-8ccda0133336}</UniqueIdentifier>
    </Filter>
    <Filter Include="Source Files\Visual">
      <UniqueIdentifier>{45b9306b-84f9-414a-96f0-413be3f6cc2e}</UniqueIdentifier>
    </Filter>
    <Filter Include="Header Files\Simulation">
      <UniqueIdentifier>{71261d30-93eb-4989-a6d3-a12a86a4ada6}</UniqueIdentifier>
    </Filter>
    <Filter Include="Source Files\Simulation">
      <UniqueIdentifier>{23bf8969-f3bc-4d6b-ae34-c48f1d756a7f}</UniqueIdentifier>
    </Filter>
  </ItemGroup>
  <ItemGroup>
    <ClCompile Include="main.cpp">
      <Filter>Source Files</Filter>
    </ClCompile>
    <ClCompile Include="GraphObject.cpp">
      <Filter>Source Files\Visual</Filter>
    </ClCompile>
    <ClCompile Include="MyScene.cpp">
      <Filter>Source Files\Visual</Filter>
    </ClCompile>
    <ClCompile Include="ProfilingTimer.cpp">
      <Filter>Source Files\Visual</Filter>
    </ClCompile>
    <ClCompile Include="SimulationProfiler.cpp">
      <Filter>Source Files\Visual</Filter>
    </ClCompile>
    <ClCompile Include="VideoEncoder.cpp">
      <Filter>Source Files\Visual</Filter>
    </ClCompile>
    <ClCompile Include="FEM6Noded.cpp">
      <Filter>Source Files\Simulation</Filter>
    </ClCompile>
  </ItemGroup>
  <ItemGroup>
    <ClInclude Include="GraphObject.h">
      <Filter>Header Files\Visual</Filter>
    </ClInclude>
    <ClInclude Include="MyScene.h">
      <Filter>Header Files\Visual</Filter>
    </ClInclude>
    <ClInclude Include="ProfilingTimer.h">
      <Filter>Header Files\Visual</Filter>
    </ClInclude>
    <ClInclude Include="SimulationProfiler.h">
      <Filter>Header Files\Visual</Filter>
    </ClInclude>
    <ClInclude Include="VideoEncoder.h">
      <Filter>Header Files\Visual</Filter>
    </ClInclude>
    <ClInclude Include="FEM6Noded.h">
      <Filter>Header Files\Simulation</Filter>
    </ClInclude>
    <ClInclude Include="mpcg.h">
      <Filter>Header Files\Simulation</Filter>
    </ClInclude>
    <ClInclude Include="SparseRowMatrix.h">
      <Filter>Header Files\Simulation</Filter>
    </ClInclude>
    <ClInclude Include="EigenDefines.h">
      <Filter>Header Files</Filter>
    </ClInclude>
    <ClInclude Include="SimulationDefines.h">
      <Filter>Header Files\Simulation</Filter>
    </ClInclude>
    <ClInclude Include="PArray.h">
      <Filter>Header Files</Filter>
    </ClInclude>
  </ItemGroup>
  <ItemGroup>
    <None Include="mpcg.inl">
      <Filter>Header Files\Simulation</Filter>
    </None>
  </ItemGroup>
</Project>